{
  "requires": true,
  "lockfileVersion": 1,
  "dependencies": {
    "@progress/kendo-draggable-common": {
      "version": "0.2.0-dev.202111240934",
      "resolved": "https://registry.npmjs.org/@progress/kendo-draggable-common/-/kendo-draggable-common-0.2.0-dev.202111240934.tgz",
      "integrity": "sha512-35FY18VyE11GIHbGzMlUnnF4Cv4Yvq187ahLiaOg05V9LO26zFaUTLqU9tAsN76l3R3TFV1aoG5+6pwW4BU0zQ==",
      "requires": {
        "tslib": "^1.7.0"
      }
    },
    "@progress/kendo-popup-common": {
      "version": "1.9.0-dev.202111301350",
      "resolved": "https://registry.npmjs.org/@progress/kendo-popup-common/-/kendo-popup-common-1.9.0-dev.202111301350.tgz",
      "integrity": "sha512-NmKlzf0QhLl4gzjkk1QimuChwyav5ImCibleD7Br9LTF7pkDjEunVi4Qe0ZKbIJplmiYCamEg7AM4eBa8+NvOA=="
    },
    "@progress/kendo-react-common": {
      "version": "4.13.0",
      "resolved": "https://registry.npmjs.org/@progress/kendo-react-common/-/kendo-react-common-4.13.0.tgz",
      "integrity": "sha512-oLaSedtLpv7YfxECWRkUT+2jXmPxyuZAflQFWD0AfTZu+8KVFLSnqGmxwgBP50Jth/SfhGFXe0ccmIV9mn1N0g==",
      "requires": {
        "@progress/kendo-draggable-common": "^0.2.0-dev.202111240934",
        "prop-types": "^15.6.0"
      }
    },
    "@progress/kendo-react-popup": {
      "version": "4.13.0",
      "resolved": "https://registry.npmjs.org/@progress/kendo-react-popup/-/kendo-react-popup-4.13.0.tgz",
      "integrity": "sha512-WJOn7dGJywJdxOvsbLazh28H8eOA7HN7clBWClImRTqBGdrSgSZiUf5748sx7HlABSW0Pxu74vIUtbgv9tPTxg==",
      "requires": {
        "@progress/kendo-popup-common": "1.9.0-dev.202111301350",
        "@progress/kendo-react-common": "4.13.0",
        "prop-types": "^15.6.0"
      }
    },
    "js-tokens": {
      "version": "4.0.0",
      "resolved": "https://registry.npmjs.org/js-tokens/-/js-tokens-4.0.0.tgz",
      "integrity": "sha512-RdJUflcE3cUzKiMqQgsCu06FPu9UdIJO0beYbPhHN4k6apgJtifcoCtT9bcxOpYBtpD2kCM6Sbzg4CausW/PKQ=="
    },
    "loose-envify": {
      "version": "1.4.0",
      "resolved": "https://registry.npmjs.org/loose-envify/-/loose-envify-1.4.0.tgz",
      "integrity": "sha512-lyuxPGr/Wfhrlem2CL/UcnUc1zcqKAImBDzukY7Y5F/yQiNdko6+fRLevlw1HgMySw7f611UIY408EtxRSoK3Q==",
      "requires": {
        "js-tokens": "^3.0.0 || ^4.0.0"
      }
    },
    "object-assign": {
      "version": "4.1.1",
      "resolved": "https://registry.npmjs.org/object-assign/-/object-assign-4.1.1.tgz",
      "integrity": "sha1-IQmtx5ZYh8/AXLvUQsrIv7s2CGM="
    },
    "prop-types": {
      "version": "15.7.2",
      "resolved": "https://registry.npmjs.org/prop-types/-/prop-types-15.7.2.tgz",
      "integrity": "sha512-8QQikdH7//R2vurIJSutZ1smHYTcLpRWEOlHnzcWHmBYrOGUysKwSsrC89BCiFj3CbrfJ/nXFdJepOVrY1GCHQ==",
      "requires": {
        "loose-envify": "^1.4.0",
        "object-assign": "^4.1.1",
        "react-is": "^16.8.1"
      }
    },
    "react-is": {
      "version": "16.13.1",
      "resolved": "https://registry.npmjs.org/react-is/-/react-is-16.13.1.tgz",
      "integrity": "sha512-24e6ynE2H+OKt4kqsOvNd8kBpV65zoxbA4BVsEOB3ARVWQki/DHzaUoC5KuON/BiccDaCCTZBuOcfZs70kR8bQ=="
    },
    "tslib": {
      "version": "1.14.1",
      "resolved": "https://registry.npmjs.org/tslib/-/tslib-1.14.1.tgz",
      "integrity": "sha512-Xni35NKzjgMrwevysHTCArtLDpPvye8zV/0E4EyYn43P7/7qvQwPh9BGkHewbMulVntbigmcT7rdX3BNo9wRJg=="
    }
  }
}
